
Microsoft Visual Studio Solution File, Format Version 12.00
# Visual Studio Version 17
VisualStudioVersion = 17.7.34024.191
MinimumVisualStudioVersion = 10.0.40219.1
Project("{9A19103F-16F7-4668-BE54-9A1E7A4F7556}") = "Protoc.Gateway", "Protoc.Gateway\Protoc.Gateway.csproj", "{87476E0E-A600-4495-ABC3-CF76CFDA339C}"
EndProject
Project("{9A19103F-16F7-4668-BE54-9A1E7A4F7556}") = "Sample", "Sample\Sample.csproj", "{411EEB54-B3B7-4CF2-AD4B-1CAE05C65593}"
EndProject
Global
	GlobalSection(SolutionConfigurationPlatforms) = preSolution
		Debug|Any CPU = Debug|Any CPU
		Release|Any CPU = Release|Any CPU
	EndGlobalSection
	GlobalSection(ProjectConfigurationPlatforms) = postSolution
		{87476E0E-A600-4495-ABC3-CF76CFDA339C}.Debug|Any CPU.ActiveCfg = Debug|Any CPU
		{87476E0E-A600-4495-ABC3-CF76CFDA339C}.Debug|Any CPU.Build.0 = Debug|Any CPU
		{87476E0E-A600-4495-ABC3-CF76CFDA339C}.Release|Any CPU.ActiveCfg = Release|Any CPU
		{87476E0E-A600-4495-ABC3-CF76CFDA339C}.Release|Any CPU.Build.0 = Release|Any CPU
		{411EEB54-B3B7-4CF2-AD4B-1CAE05C65593}.Debug|Any CPU.ActiveCfg = Debug|Any CPU
		{411EEB54-B3B7-4CF2-AD4B-1CAE05C65593}.Debug|Any CPU.Build.0 = Debug|Any CPU
		{411EEB54-B3B7-4CF2-AD4B-1CAE05C65593}.Release|Any CPU.ActiveCfg = Release|Any CPU
		{411EEB54-B3B7-4CF2-AD4B-1CAE05C65593}.Release|Any CPU.Build.0 = Release|Any CPU
	EndGlobalSection
	GlobalSection(SolutionProperties) = preSolution
		HideSolutionNode = FALSE
	EndGlobalSection
	GlobalSection(ExtensibilityGlobals) = postSolution
		SolutionGuid = {0CBEA95F-860E-4190-9148-D3BD0498D811}
	EndGlobalSection
EndGlobal
